// !$*UTF8*$!
{
	archiveVersion = 1;
	classes = {
	};
	objectVersion = 50;
	objects = {

/* Begin PBXBuildFile section */
		907EEADF2082EB960048507B /* AppDelegate.swift in Sources */ = {isa = PBXBuildFile; fileRef = 907EEADE2082EB960048507B /* AppDelegate.swift */; };
		907EEAE12082EB960048507B /* HomeVC.swift in Sources */ = {isa = PBXBuildFile; fileRef = 907EEAE02082EB960048507B /* HomeVC.swift */; };
		907EEAE42082EB960048507B /* Main.storyboard in Resources */ = {isa = PBXBuildFile; fileRef = 907EEAE22082EB960048507B /* Main.storyboard */; };
		907EEAE62082EB980048507B /* Assets.xcassets in Resources */ = {isa = PBXBuildFile; fileRef = 907EEAE52082EB980048507B /* Assets.xcassets */; };
		907EEAE92082EB980048507B /* LaunchScreen.storyboard in Resources */ = {isa = PBXBuildFile; fileRef = 907EEAE72082EB980048507B /* LaunchScreen.storyboard */; };
		907EEAF22082EF5E0048507B /* StoreKit.framework in Frameworks */ = {isa = PBXBuildFile; fileRef = 907EEAF12082EF5E0048507B /* StoreKit.framework */; };
		907EEAF42082F07D0048507B /* GoogleMobileAds.framework in Frameworks */ = {isa = PBXBuildFile; fileRef = 907EEAF32082F07D0048507B /* GoogleMobileAds.framework */; };
		907EEAF82082F9B70048507B /* PurchaseManager.swift in Sources */ = {isa = PBXBuildFile; fileRef = 907EEAF72082F9B70048507B /* PurchaseManager.swift */; };
/* End PBXBuildFile section */

/* Begin PBXFileReference section */
		907EEADB2082EB960048507B /* DailyDose.app */ = {isa = PBXFileReference; explicitFileType = wrapper.application; includeInIndex = 0; path = DailyDose.app; sourceTree = BUILT_PRODUCTS_DIR; };
		907EEADE2082EB960048507B /* AppDelegate.swift */ = {isa = PBXFileReference; lastKnownFileType = sourcecode.swift; path = AppDelegate.swift; sourceTree = "<group>"; };
		907EEAE02082EB960048507B /* HomeVC.swift */ = {isa = PBXFileReference; lastKnownFileType = sourcecode.swift; path = HomeVC.swift; sourceTree = "<group>"; };
		907EEAE32082EB960048507B /* Base */ = {isa = PBXFileReference; lastKnownFileType = file.storyboard; name = Base; path = Base.lproj/Main.storyboard; sourceTree = "<group>"; };
		907EEAE52082EB980048507B /* Assets.xcassets */ = {isa = PBXFileReference; lastKnownFileType = folder.assetcatalog; path = Assets.xcassets; sourceTree = "<group>"; };
		907EEAE82082EB980048507B /* Base */ = {isa = PBXFileReference; lastKnownFileType = file.storyboard; name = Base; path = Base.lproj/LaunchScreen.storyboard; sourceTree = "<group>"; };
		907EEAEA2082EB980048507B /* Info.plist */ = {isa = PBXFileReference; lastKnownFileType = text.plist.xml; path = Info.plist; sourceTree = "<group>"; };
		907EEAF12082EF5E0048507B /* StoreKit.framework */ = {isa = PBXFileReference; lastKnownFileType = wrapper.framework; name = StoreKit.framework; path = System/Library/Frameworks/StoreKit.framework; sourceTree = SDKROOT; };
		907EEAF32082F07D0048507B /* GoogleMobileAds.framework */ = {isa = PBXFileReference; lastKnownFileType = wrapper.framework; path = GoogleMobileAds.framework; sourceTree = "<group>"; };
		907EEAF72082F9B70048507B /* PurchaseManager.swift */ = {isa = PBXFileReference; lastKnownFileType = sourcecode.swift; path = PurchaseManager.swift; sourceTree = "<group>"; };
/* End PBXFileReference section */

/* Begin PBXFrameworksBuildPhase section */
		907EEAD82082EB960048507B /* Frameworks */ = {
			isa = PBXFrameworksBuildPhase;
			buildActionMask = 2147483647;
			files = (
				907EEAF42082F07D0048507B /* GoogleMobileAds.framework in Frameworks */,
				907EEAF22082EF5E0048507B /* StoreKit.framework in Frameworks */,
			);
			runOnlyForDeploymentPostprocessing = 0;
		};
/* End PBXFrameworksBuildPhase section */

/* Begin PBXGroup section */
		907EEAD22082EB960048507B = {
			isa = PBXGroup;
			children = (
				907EEADD2082EB960048507B /* DailyDose */,
				907EEADC2082EB960048507B /* Products */,
				907EEAF02082EF5E0048507B /* Frameworks */,
			);
			sourceTree = "<group>";
		};
		907EEADC2082EB960048507B /* Products */ = {
			isa = PBXGroup;
			children = (
				907EEADB2082EB960048507B /* DailyDose.app */,
			);
			name = Products;
			sourceTree = "<group>";
		};
		907EEADD2082EB960048507B /* DailyDose */ = {
			isa = PBXGroup;
			children = (
				907EEAF62082F9710048507B /* Services */,
				907EEAF52082F96C0048507B /* Controller */,
				907EEADE2082EB960048507B /* AppDelegate.swift */,
				907EEAE22082EB960048507B /* Main.storyboard */,
				907EEAE52082EB980048507B /* Assets.xcassets */,
				907EEAE72082EB980048507B /* LaunchScreen.storyboard */,
				907EEAEA2082EB980048507B /* Info.plist */,
			);
			path = DailyDose;
			sourceTree = "<group>";
		};
		907EEAF02082EF5E0048507B /* Frameworks */ = {
			isa = PBXGroup;
			children = (
				907EEAF32082F07D0048507B /* GoogleMobileAds.framework */,
				907EEAF12082EF5E0048507B /* StoreKit.framework */,
			);
			name = Frameworks;
			sourceTree = "<group>";
		};
		907EEAF52082F96C0048507B /* Controller */ = {
			isa = PBXGroup;
			children = (
				907EEAE02082EB960048507B /* HomeVC.swift */,
			);
			path = Controller;
			sourceTree = "<group>";
		};
		907EEAF62082F9710048507B /* Services */ = {
			isa = PBXGroup;
			children = (
				907EEAF72082F9B70048507B /* PurchaseManager.swift */,
			);
			path = Services;
			sourceTree = "<group>";
		};
/* End PBXGroup section */

/* Begin PBXNativeTarget section */
		907EEADA2082EB960048507B /* DailyDose */ = {
			isa = PBXNativeTarget;
			buildConfigurationList = 907EEAED2082EB980048507B /* Build configuration list for PBXNativeTarget "DailyDose" */;
			buildPhases = (
				907EEAD72082EB960048507B /* Sources */,
				907EEAD82082EB960048507B /* Frameworks */,
				907EEAD92082EB960048507B /* Resources */,
			);
			buildRules = (
			);
			dependencies = (
			);
			name = DailyDose;
			productName = DailyDose;
			productReference = 907EEADB2082EB960048507B /* DailyDose.app */;
			productType = "com.apple.product-type.application";
		};
/* End PBXNativeTarget section */

/* Begin PBXProject section */
		907EEAD32082EB960048507B /* Project object */ = {
			isa = PBXProject;
			attributes = {
				LastSwiftUpdateCheck = 0930;
				LastUpgradeCheck = 0930;
				ORGANIZATIONNAME = Specialist;
				TargetAttributes = {
					907EEADA2082EB960048507B = {
						CreatedOnToolsVersion = 9.3;
						SystemCapabilities = {
							com.apple.InAppPurchase = {
								enabled = 1;
							};
						};
					};
				};
			};
			buildConfigurationList = 907EEAD62082EB960048507B /* Build configuration list for PBXProject "DailyDose" */;
			compatibilityVersion = "Xcode 9.3";
			developmentRegion = en;
			hasScannedForEncodings = 0;
			knownRegions = (
				en,
				Base,
			);
			mainGroup = 907EEAD22082EB960048507B;
			productRefGroup = 907EEADC2082EB960048507B /* Products */;
			projectDirPath = "";
			projectRoot = "";
			targets = (
				907EEADA2082EB960048507B /* DailyDose */,
			);
		};
/* End PBXProject section */

/* Begin PBXResourcesBuildPhase section */
		907EEAD92082EB960048507B /* Resources */ = {
			isa = PBXResourcesBuildPhase;
			buildActionMask = 2147483647;
			files = (
				907EEAE92082EB980048507B /* LaunchScreen.storyboard in Resources */,
				907EEAE62082EB980048507B /* Assets.xcassets in Resources */,
				907EEAE42082EB960048507B /* Main.storyboard in Resources */,
			);
			runOnlyForDeploymentPostprocessing = 0;
		};
/* End PBXResourcesBuildPhase section */

/* Begin PBXSourcesBuildPhase section */
		907EEAD72082EB960048507B /* Sources */ = {
			isa = PBXSourcesBuildPhase;
			buildActionMask = 2147483647;
			files = (
				907EEAE12082EB960048507B /* HomeVC.swift in Sources */,
				907EEAF82082F9B70048507B /* PurchaseManager.swift in Sources */,
				907EEADF2082EB960048507B /* AppDelegate.swift in Sources */,
			);
			runOnlyForDeploymentPostprocessing = 0;
		};
/* End PBXSourcesBuildPhase section */

/* Begin PBXVariantGroup section */
		907EEAE22082EB960048507B /* Main.storyboard */ = {
			isa = PBXVariantGroup;
			children = (
				907EEAE32082EB960048507B /* Base */,
			);
			name = Main.storyboard;
			sourceTree = "<group>";
		};
		907EEAE72082EB980048507B /* LaunchScreen.storyboard */ = {
			isa = PBXVariantGroup;
			children = (
				907EEAE82082EB980048507B /* Base */,
			);
			name = LaunchScreen.storyboard;
			sourceTree = "<group>";
		};
/* End PBXVariantGroup section */

/* Begin XCBuildConfiguration section */
		907EEAEB2082EB980048507B /* Debug */ = {
			isa = XCBuildConfiguration;
			buildSettings = {
				ALWAYS_SEARCH_USER_PATHS = NO;
				CLANG_ANALYZER_NONNULL = YES;
				CLANG_ANALYZER_NUMBER_OBJECT_CONVERSION = YES_AGGRESSIVE;
				CLANG_CXX_LANGUAGE_STANDARD = "gnu++14";
				CLANG_CXX_LIBRARY = "libc++";
				CLANG_ENABLE_MODULES = YES;
				CLANG_ENABLE_OBJC_ARC = YES;
				CLANG_ENABLE_OBJC_WEAK = YES;
				CLANG_WARN_BLOCK_CAPTURE_AUTORELEASING = YES;
				CLANG_WARN_BOOL_CONVERSION = YES;
				CLANG_WARN_COMMA = YES;
				CLANG_WARN_CONSTANT_CONVERSION = YES;
				CLANG_WARN_DEPRECATED_OBJC_IMPLEMENTATIONS = YES;
				CLANG_WARN_DIRECT_OBJC_ISA_USAGE = YES_ERROR;
				CLANG_WARN_DOCUMENTATION_COMMENTS = YES;
				CLANG_WARN_EMPTY_BODY = YES;
				CLANG_WARN_ENUM_CONVERSION = YES;
				CLANG_WARN_INFINITE_RECURSION = YES;
				CLANG_WARN_INT_CONVERSION = YES;
				CLANG_WARN_NON_LITERAL_NULL_CONVERSION = YES;
				CLANG_WARN_OBJC_IMPLICIT_RETAIN_SELF = YES;
				CLANG_WARN_OBJC_LITERAL_CONVERSION = YES;
				CLANG_WARN_OBJC_ROOT_CLASS = YES_ERROR;
				CLANG_WARN_RANGE_LOOP_ANALYSIS = YES;
				CLANG_WARN_STRICT_PROTOTYPES = YES;
				CLANG_WARN_SUSPICIOUS_MOVE = YES;
				CLANG_WARN_UNGUARDED_AVAILABILITY = YES_AGGRESSIVE;
				CLANG_WARN_UNREACHABLE_CODE = YES;
				CLANG_WARN__DUPLICATE_METHOD_MATCH = YES;
				CODE_SIGN_IDENTITY = "iPhone Developer";
				COPY_PHASE_STRIP = NO;
				DEBUG_INFORMATION_FORMAT = dwarf;
				ENABLE_STRICT_OBJC_MSGSEND = YES;
				ENABLE_TESTABILITY = YES;
				GCC_C_LANGUAGE_STANDARD = gnu11;
				GCC_DYNAMIC_NO_PIC = NO;
				GCC_NO_COMMON_BLOCKS = YES;
				GCC_OPTIMIZATION_LEVEL = 0;
				GCC_PREPROCESSOR_DEFINITIONS = (
					"DEBUG=1",
					"$(inherited)",
				);
				GCC_WARN_64_TO_32_BIT_CONVERSION = YES;
				GCC_WARN_ABOUT_RETURN_TYPE = YES_ERROR;
				GCC_WARN_UNDECLARED_SELECTOR = YES;
				GCC_WARN_UNINITIALIZED_AUTOS = YES_AGGRESSIVE;
				GCC_WARN_UNUSED_FUNCTION = YES;
				GCC_WARN_UNUSED_VARIABLE = YES;
				IPHONEOS_DEPLOYMENT_TARGET = 11.0;
				MTL_ENABLE_DEBUG_INFO = YES;
				ONLY_ACTIVE_ARCH = YES;
				SDKROOT = iphoneos;
				SWIFT_ACTIVE_COMPILATION_CONDITIONS = DEBUG;
				SWIFT_OPTIMIZATION_LEVEL = "-Onone";
			};
			name = Debug;
		};
		907EEAEC2082EB980048507B /* Release */ = {
			isa = XCBuildConfiguration;
			buildSettings = {
				ALWAYS_SEARCH_USER_PATHS = NO;
				CLANG_ANALYZER_NONNULL = YES;
				CLANG_ANALYZER_NUMBER_OBJECT_CONVERSION = YES_AGGRESSIVE;
				CLANG_CXX_LANGUAGE_STANDARD = "gnu++14";
				CLANG_CXX_LIBRARY = "libc++";
				CLANG_ENABLE_MODULES = YES;
				CLANG_ENABLE_OBJC_ARC = YES;
				CLANG_ENABLE_OBJC_WEAK = YES;
				CLANG_WARN_BLOCK_CAPTURE_AUTORELEASING = YES;
				CLANG_WARN_BOOL_CONVERSION = YES;
				CLANG_WARN_COMMA = YES;
				CLANG_WARN_CONSTANT_CONVERSION = YES;
				CLANG_WARN_DEPRECATED_OBJC_IMPLEMENTATIONS = YES;
				CLANG_WARN_DIRECT_OBJC_ISA_USAGE = YES_ERROR;
				CLANG_WARN_DOCUMENTATION_COMMENTS = YES;
				CLANG_WARN_EMPTY_BODY = YES;
				CLANG_WARN_ENUM_CONVERSION = YES;
				CLANG_WARN_INFINITE_RECURSION = YES;
				CLANG_WARN_INT_CONVERSION = YES;
				CLANG_WARN_NON_LITERAL_NULL_CONVERSION = YES;
				CLANG_WARN_OBJC_IMPLICIT_RETAIN_SELF = YES;
				CLANG_WARN_OBJC_LITERAL_CONVERSION = YES;
				CLANG_WARN_OBJC_ROOT_CLASS = YES_ERROR;
				CLANG_WARN_RANGE_LOOP_ANALYSIS = YES;
				CLANG_WARN_STRICT_PROTOTYPES = YES;
				CLANG_WARN_SUSPICIOUS_MOVE = YES;
				CLANG_WARN_UNGUARDED_AVAILABILITY = YES_AGGRESSIVE;
				CLANG_WARN_UNREACHABLE_CODE = YES;
				CLANG_WARN__DUPLICATE_METHOD_MATCH = YES;
				CODE_SIGN_IDENTITY = "iPhone Developer";
				COPY_PHASE_STRIP = NO;
				DEBUG_INFORMATION_FORMAT = "dwarf-with-dsym";
				ENABLE_NS_ASSERTIONS = NO;
				ENABLE_STRICT_OBJC_MSGSEND = YES;
				GCC_C_LANGUAGE_STANDARD = gnu11;
				GCC_NO_COMMON_BLOCKS = YES;
				GCC_WARN_64_TO_32_BIT_CONVERSION = YES;
				GCC_WARN_ABOUT_RETURN_TYPE = YES_ERROR;
				GCC_WARN_UNDECLARED_SELECTOR = YES;
				GCC_WARN_UNINITIALIZED_AUTOS = YES_AGGRESSIVE;
				GCC_WARN_UNUSED_FUNCTION = YES;
				GCC_WARN_UNUSED_VARIABLE = YES;
				IPHONEOS_DEPLOYMENT_TARGET = 11.0;
				MTL_ENABLE_DEBUG_INFO = NO;
				SDKROOT = iphoneos;
				SWIFT_COMPILATION_MODE = wholemodule;
				SWIFT_OPTIMIZATION_LEVEL = "-O";
				VALIDATE_PRODUCT = YES;
			};
			name = Release;
		};
		907EEAEE2082EB980048507B /* Debug */ = {
			isa = XCBuildConfiguration;
			buildSettings = {
				ASSETCATALOG_COMPILER_APPICON_NAME = AppIcon;
				CODE_SIGN_STYLE = Automatic;
				DEVELOPMENT_TEAM = PCNZSAFPQA;
				FRAMEWORK_SEARCH_PATHS = (
					"$(inherited)",
					"$(PROJECT_DIR)",
				);
				INFOPLIST_FILE = DailyDose/Info.plist;
				LD_RUNPATH_SEARCH_PATHS = (
					"$(inherited)",
					"@executable_path/Frameworks",
				);
				PRODUCT_BUNDLE_IDENTIFIER = com.Specialist.dailydose;
				PRODUCT_NAME = "$(TARGET_NAME)";
				SWIFT_VERSION = 4.0;
				TARGETED_DEVICE_FAMILY = "1,2";
			};
			name = Debug;
		};
		907EEAEF2082EB980048507B /* Release */ = {
			isa = XCBuildConfiguration;
			buildSettings = {
				ASSETCATALOG_COMPILER_APPICON_NAME = AppIcon;
				CODE_SIGN_STYLE = Automatic;
				DEVELOPMENT_TEAM = PCNZSAFPQA;
				FRAMEWORK_SEARCH_PATHS = (
					"$(inherited)",
					"$(PROJECT_DIR)",
				);
				INFOPLIST_FILE = DailyDose/Info.plist;
				LD_RUNPATH_SEARCH_PATHS = (
					"$(inherited)",
					"@executable_path/Frameworks",
				);
				PRODUCT_BUNDLE_IDENTIFIER = com.Specialist.dailydose;
				PRODUCT_NAME = "$(TARGET_NAME)";
				SWIFT_VERSION = 4.0;
				TARGETED_DEVICE_FAMILY = "1,2";
			};
			name = Release;
		};
/* End XCBuildConfiguration section */

/* Begin XCConfigurationList section */
		907EEAD62082EB960048507B /* Build configuration list for PBXProject "DailyDose" */ = {
			isa = XCConfigurationList;
			buildConfigurations = (
				907EEAEB2082EB980048507B /* Debug */,
				907EEAEC2082EB980048507B /* Release */,
			);
			defaultConfigurationIsVisible = 0;
			defaultConfigurationName = Release;
		};
		907EEAED2082EB980048507B /* Build configuration list for PBXNativeTarget "DailyDose" */ = {
			isa = XCConfigurationList;
			buildConfigurations = (
				907EEAEE2082EB980048507B /* Debug */,
				907EEAEF2082EB980048507B /* Release */,
			);
			defaultConfigurationIsVisible = 0;
			defaultConfigurationName = Release;
		};
/* End XCConfigurationList section */
	};
	rootObject = 907EEAD32082EB960048507B /* Project object */;
}
